
Microsoft Visual Studio Solution File, Format Version 12.00
# Visual Studio Version 16
VisualStudioVersion = 16.0.32228.343
MinimumVisualStudioVersion = 10.0.40219.1
Project("{FAE04EC0-301F-11D3-BF4B-00C04F79EFBC}") = "Sivan.API", "Sivan.API\Sivan.API.csproj", "{C37E934B-48DE-4F66-9297-6AB37B227053}"
EndProject
Project("{FAE04EC0-301F-11D3-BF4B-00C04F79EFBC}") = "Sivan.Models", "Sivan.Models\Sivan.Models.csproj", "{02C65C47-6DAE-4947-8284-4C570F99E37A}"
EndProject
Project("{FAE04EC0-301F-11D3-BF4B-00C04F79EFBC}") = "Sivan.DataAccess", "Sivan.DataAccess\Sivan.DataAccess.csproj", "{CC550897-0F4A-41F3-B9D4-9576B95C78EA}"
EndProject
Project("{FAE04EC0-301F-11D3-BF4B-00C04F79EFBC}") = "Sivan.Services", "Sivan.Services\Sivan.Services.csproj", "{044638CC-ED96-4A97-9CC6-6F588074E838}"
EndProject
Project("{FAE04EC0-301F-11D3-BF4B-00C04F79EFBC}") = "Sivan.Repositories", "Sivan.Repositories\Sivan.Repositories.csproj", "{B7EBF6A2-69F3-4FE0-B895-B7B9867A22FD}"
EndProject
Global
	GlobalSection(SolutionConfigurationPlatforms) = preSolution
		Debug|Any CPU = Debug|Any CPU
		Release|Any CPU = Release|Any CPU
	EndGlobalSection
	GlobalSection(ProjectConfigurationPlatforms) = postSolution
		{C37E934B-48DE-4F66-9297-6AB37B227053}.Debug|Any CPU.ActiveCfg = Debug|Any CPU
		{C37E934B-48DE-4F66-9297-6AB37B227053}.Debug|Any CPU.Build.0 = Debug|Any CPU
		{C37E934B-48DE-4F66-9297-6AB37B227053}.Release|Any CPU.ActiveCfg = Release|Any CPU
		{C37E934B-48DE-4F66-9297-6AB37B227053}.Release|Any CPU.Build.0 = Release|Any CPU
		{02C65C47-6DAE-4947-8284-4C570F99E37A}.Debug|Any CPU.ActiveCfg = Debug|Any CPU
		{02C65C47-6DAE-4947-8284-4C570F99E37A}.Debug|Any CPU.Build.0 = Debug|Any CPU
		{02C65C47-6DAE-4947-8284-4C570F99E37A}.Release|Any CPU.ActiveCfg = Release|Any CPU
		{02C65C47-6DAE-4947-8284-4C570F99E37A}.Release|Any CPU.Build.0 = Release|Any CPU
		{CC550897-0F4A-41F3-B9D4-9576B95C78EA}.Debug|Any CPU.ActiveCfg = Debug|Any CPU
		{CC550897-0F4A-41F3-B9D4-9576B95C78EA}.Debug|Any CPU.Build.0 = Debug|Any CPU
		{CC550897-0F4A-41F3-B9D4-9576B95C78EA}.Release|Any CPU.ActiveCfg = Release|Any CPU
		{CC550897-0F4A-41F3-B9D4-9576B95C78EA}.Release|Any CPU.Build.0 = Release|Any CPU
		{044638CC-ED96-4A97-9CC6-6F588074E838}.Debug|Any CPU.ActiveCfg = Debug|Any CPU
		{044638CC-ED96-4A97-9CC6-6F588074E838}.Debug|Any CPU.Build.0 = Debug|Any CPU
		{044638CC-ED96-4A97-9CC6-6F588074E838}.Release|Any CPU.ActiveCfg = Release|Any CPU
		{044638CC-ED96-4A97-9CC6-6F588074E838}.Release|Any CPU.Build.0 = Release|Any CPU
		{B7EBF6A2-69F3-4FE0-B895-B7B9867A22FD}.Debug|Any CPU.ActiveCfg = Debug|Any CPU
		{B7EBF6A2-69F3-4FE0-B895-B7B9867A22FD}.Debug|Any CPU.Build.0 = Debug|Any CPU
		{B7EBF6A2-69F3-4FE0-B895-B7B9867A22FD}.Release|Any CPU.ActiveCfg = Release|Any CPU
		{B7EBF6A2-69F3-4FE0-B895-B7B9867A22FD}.Release|Any CPU.Build.0 = Release|Any CPU
	EndGlobalSection
	GlobalSection(SolutionProperties) = preSolution
		HideSolutionNode = FALSE
	EndGlobalSection
	GlobalSection(ExtensibilityGlobals) = postSolution
		SolutionGuid = {ADF488F0-A4DF-4EF8-8F34-0801CD1D094F}
	EndGlobalSection
EndGlobal
